
Microsoft Visual Studio Solution File, Format Version 12.00
# Visual Studio Version 16
VisualStudioVersion = 16.0.31729.503
MinimumVisualStudioVersion = 10.0.40219.1
Project("{FAE04EC0-301F-11D3-BF4B-00C04F79EFBC}") = "timestamp", "timestamp\timestamp.csproj", "{F57CE312-4A85-46E7-BEA6-4AD8BAA6423A}"
EndProject
Global
	GlobalSection(SolutionConfigurationPlatforms) = preSolution
		Debug|Any CPU = Debug|Any CPU
		Release|Any CPU = Release|Any CPU
	EndGlobalSection
	GlobalSection(ProjectConfigurationPlatforms) = postSolution
		{F57CE312-4A85-46E7-BEA6-4AD8BAA6423A}.Debug|Any CPU.ActiveCfg = Debug|Any CPU
		{F57CE312-4A85-46E7-BEA6-4AD8BAA6423A}.Debug|Any CPU.Build.0 = Debug|Any CPU
		{F57CE312-4A85-46E7-BEA6-4AD8BAA6423A}.Release|Any CPU.ActiveCfg = Release|Any CPU
		{F57CE312-4A85-46E7-BEA6-4AD8BAA6423A}.Release|Any CPU.Build.0 = Release|Any CPU
	EndGlobalSection
	GlobalSection(SolutionProperties) = preSolution
		HideSolutionNode = FALSE
	EndGlobalSection
	GlobalSection(ExtensibilityGlobals) = postSolution
		SolutionGuid = {33D69AC3-B570-4871-B5DB-F63FA52C7DFB}
	EndGlobalSection
EndGlobal
